// !$*UTF8*$!
{
	archiveVersion = 1;
	classes = {
	};
	objectVersion = 51;
	objects = {

/* Begin PBXBuildFile section */
		2A923CD322AA8E46004F37D2 /* AppDelegate.swift in Sources */ = {isa = PBXBuildFile; fileRef = 2A923CD222AA8E46004F37D2 /* AppDelegate.swift */; };
		2A923CD522AA8E46004F37D2 /* CardCollectionViewController.swift in Sources */ = {isa = PBXBuildFile; fileRef = 2A923CD422AA8E46004F37D2 /* CardCollectionViewController.swift */; };
		2A923CD822AA8E46004F37D2 /* CardCollection.storyboard in Resources */ = {isa = PBXBuildFile; fileRef = 2A923CD622AA8E46004F37D2 /* CardCollection.storyboard */; };
		2A923CDA22AA8E47004F37D2 /* Assets.xcassets in Resources */ = {isa = PBXBuildFile; fileRef = 2A923CD922AA8E47004F37D2 /* Assets.xcassets */; };
		2A923CDD22AA8E47004F37D2 /* LaunchScreen.storyboard in Resources */ = {isa = PBXBuildFile; fileRef = 2A923CDB22AA8E47004F37D2 /* LaunchScreen.storyboard */; };
		2A923CE822AA8E47004F37D2 /* InnventoryTests.swift in Sources */ = {isa = PBXBuildFile; fileRef = 2A923CE722AA8E47004F37D2 /* InnventoryTests.swift */; };
		2AC2AFB822AAE45A00DB09B2 /* CardService.swift in Sources */ = {isa = PBXBuildFile; fileRef = 2AC2AFB722AAE45A00DB09B2 /* CardService.swift */; };
		2AD3C57E22AAED4F00611CD5 /* Card.swift in Sources */ = {isa = PBXBuildFile; fileRef = 2AD3C57D22AAED4F00611CD5 /* Card.swift */; };
		2AD3C58122AB11D100611CD5 /* CardCollectionViewModel.swift in Sources */ = {isa = PBXBuildFile; fileRef = 2AD3C58022AB11D100611CD5 /* CardCollectionViewModel.swift */; };
		2AD3C58422AB14FA00611CD5 /* UIAlertController.swift in Sources */ = {isa = PBXBuildFile; fileRef = 2AD3C58322AB14FA00611CD5 /* UIAlertController.swift */; };
		5193FE18EACC1DB11950D37F /* Pods_Innventory.framework in Frameworks */ = {isa = PBXBuildFile; fileRef = 5B62D3CB6D56BB5F45FA885A /* Pods_Innventory.framework */; };
		735BF3C92690023B60BFB1DB /* Pods_InnventoryTests.framework in Frameworks */ = {isa = PBXBuildFile; fileRef = 6C63880883CB74A2935B5D40 /* Pods_InnventoryTests.framework */; };
/* End PBXBuildFile section */

/* Begin PBXContainerItemProxy section */
		2A923CE422AA8E47004F37D2 /* PBXContainerItemProxy */ = {
			isa = PBXContainerItemProxy;
			containerPortal = 2A923CC722AA8E46004F37D2 /* Project object */;
			proxyType = 1;
			remoteGlobalIDString = 2A923CCE22AA8E46004F37D2;
			remoteInfo = Innventory;
		};
/* End PBXContainerItemProxy section */

/* Begin PBXFileReference section */
		2A923CCF22AA8E46004F37D2 /* Innventory.app */ = {isa = PBXFileReference; explicitFileType = wrapper.application; includeInIndex = 0; path = Innventory.app; sourceTree = BUILT_PRODUCTS_DIR; };
		2A923CD222AA8E46004F37D2 /* AppDelegate.swift */ = {isa = PBXFileReference; lastKnownFileType = sourcecode.swift; path = AppDelegate.swift; sourceTree = "<group>"; };
		2A923CD422AA8E46004F37D2 /* CardCollectionViewController.swift */ = {isa = PBXFileReference; lastKnownFileType = sourcecode.swift; path = CardCollectionViewController.swift; sourceTree = "<group>"; };
		2A923CD722AA8E46004F37D2 /* Base */ = {isa = PBXFileReference; lastKnownFileType = file.storyboard; name = Base; path = Base.lproj/CardCollection.storyboard; sourceTree = "<group>"; };
		2A923CD922AA8E47004F37D2 /* Assets.xcassets */ = {isa = PBXFileReference; lastKnownFileType = folder.assetcatalog; path = Assets.xcassets; sourceTree = "<group>"; };
		2A923CDC22AA8E47004F37D2 /* Base */ = {isa = PBXFileReference; lastKnownFileType = file.storyboard; name = Base; path = Base.lproj/LaunchScreen.storyboard; sourceTree = "<group>"; };
		2A923CDE22AA8E47004F37D2 /* Info.plist */ = {isa = PBXFileReference; lastKnownFileType = text.plist.xml; path = Info.plist; sourceTree = "<group>"; };
		2A923CE322AA8E47004F37D2 /* InnventoryTests.xctest */ = {isa = PBXFileReference; explicitFileType = wrapper.cfbundle; includeInIndex = 0; path = InnventoryTests.xctest; sourceTree = BUILT_PRODUCTS_DIR; };
		2A923CE722AA8E47004F37D2 /* InnventoryTests.swift */ = {isa = PBXFileReference; lastKnownFileType = sourcecode.swift; path = InnventoryTests.swift; sourceTree = "<group>"; };
		2A923CE922AA8E47004F37D2 /* Info.plist */ = {isa = PBXFileReference; lastKnownFileType = text.plist.xml; path = Info.plist; sourceTree = "<group>"; };
		2AC2AFB722AAE45A00DB09B2 /* CardService.swift */ = {isa = PBXFileReference; lastKnownFileType = sourcecode.swift; path = CardService.swift; sourceTree = "<group>"; };
		2AD3C57D22AAED4F00611CD5 /* Card.swift */ = {isa = PBXFileReference; lastKnownFileType = sourcecode.swift; path = Card.swift; sourceTree = "<group>"; };
		2AD3C58022AB11D100611CD5 /* CardCollectionViewModel.swift */ = {isa = PBXFileReference; lastKnownFileType = sourcecode.swift; path = CardCollectionViewModel.swift; sourceTree = "<group>"; };
		2AD3C58322AB14FA00611CD5 /* UIAlertController.swift */ = {isa = PBXFileReference; lastKnownFileType = sourcecode.swift; path = UIAlertController.swift; sourceTree = "<group>"; };
		5B62D3CB6D56BB5F45FA885A /* Pods_Innventory.framework */ = {isa = PBXFileReference; explicitFileType = wrapper.framework; includeInIndex = 0; path = Pods_Innventory.framework; sourceTree = BUILT_PRODUCTS_DIR; };
		6C63880883CB74A2935B5D40 /* Pods_InnventoryTests.framework */ = {isa = PBXFileReference; explicitFileType = wrapper.framework; includeInIndex = 0; path = Pods_InnventoryTests.framework; sourceTree = BUILT_PRODUCTS_DIR; };
		99232FF031ED81B6BFE3949E /* Pods-Innventory.debug.xcconfig */ = {isa = PBXFileReference; includeInIndex = 1; lastKnownFileType = text.xcconfig; name = "Pods-Innventory.debug.xcconfig"; path = "Target Support Files/Pods-Innventory/Pods-Innventory.debug.xcconfig"; sourceTree = "<group>"; };
		9DEBBBF7791B5A801F89ED71 /* Pods-InnventoryTests.release.xcconfig */ = {isa = PBXFileReference; includeInIndex = 1; lastKnownFileType = text.xcconfig; name = "Pods-InnventoryTests.release.xcconfig"; path = "Target Support Files/Pods-InnventoryTests/Pods-InnventoryTests.release.xcconfig"; sourceTree = "<group>"; };
		C1B7C46F36239A9D0BDAD125 /* Pods-InnventoryTests.debug.xcconfig */ = {isa = PBXFileReference; includeInIndex = 1; lastKnownFileType = text.xcconfig; name = "Pods-InnventoryTests.debug.xcconfig"; path = "Target Support Files/Pods-InnventoryTests/Pods-InnventoryTests.debug.xcconfig"; sourceTree = "<group>"; };
		DB83F735110FD011E476814A /* Pods-Innventory.release.xcconfig */ = {isa = PBXFileReference; includeInIndex = 1; lastKnownFileType = text.xcconfig; name = "Pods-Innventory.release.xcconfig"; path = "Target Support Files/Pods-Innventory/Pods-Innventory.release.xcconfig"; sourceTree = "<group>"; };
/* End PBXFileReference section */

/* Begin PBXFrameworksBuildPhase section */
		2A923CCC22AA8E46004F37D2 /* Frameworks */ = {
			isa = PBXFrameworksBuildPhase;
			buildActionMask = 2147483647;
			files = (
				5193FE18EACC1DB11950D37F /* Pods_Innventory.framework in Frameworks */,
			);
			runOnlyForDeploymentPostprocessing = 0;
		};
		2A923CE022AA8E47004F37D2 /* Frameworks */ = {
			isa = PBXFrameworksBuildPhase;
			buildActionMask = 2147483647;
			files = (
				735BF3C92690023B60BFB1DB /* Pods_InnventoryTests.framework in Frameworks */,
			);
			runOnlyForDeploymentPostprocessing = 0;
		};
/* End PBXFrameworksBuildPhase section */

/* Begin PBXGroup section */
		2A923CC622AA8E46004F37D2 = {
			isa = PBXGroup;
			children = (
				2A923CD122AA8E46004F37D2 /* Innventory */,
				2A923CE622AA8E47004F37D2 /* InnventoryTests */,
				2A923CD022AA8E46004F37D2 /* Products */,
				9ACC01DDAA403EE97CE13C0A /* Pods */,
				A5DD84AE5D5D43338BCC27B0 /* Frameworks */,
			);
			sourceTree = "<group>";
		};
		2A923CD022AA8E46004F37D2 /* Products */ = {
			isa = PBXGroup;
			children = (
				2A923CCF22AA8E46004F37D2 /* Innventory.app */,
				2A923CE322AA8E47004F37D2 /* InnventoryTests.xctest */,
			);
			name = Products;
			sourceTree = "<group>";
		};
		2A923CD122AA8E46004F37D2 /* Innventory */ = {
			isa = PBXGroup;
			children = (
				2A923CD222AA8E46004F37D2 /* AppDelegate.swift */,
				2AC2AFB622AAA38E00DB09B2 /* Models */,
				2AC2AFB422AAA35100DB09B2 /* Views */,
				2AC2AFB322AAA34000DB09B2 /* Controllers */,
				2AD3C57F22AB11A900611CD5 /* ViewModels */,
				2AC2AFB222AAA33800DB09B2 /* Services */,
				2AD3C58222AB14E900611CD5 /* Extensions */,
				2AC2AFB522AAA37300DB09B2 /* Supporting Files */,
			);
			path = Innventory;
			sourceTree = "<group>";
		};
		2A923CE622AA8E47004F37D2 /* InnventoryTests */ = {
			isa = PBXGroup;
			children = (
				2A923CE722AA8E47004F37D2 /* InnventoryTests.swift */,
				2A923CE922AA8E47004F37D2 /* Info.plist */,
			);
			path = InnventoryTests;
			sourceTree = "<group>";
		};
		2AC2AFB222AAA33800DB09B2 /* Services */ = {
			isa = PBXGroup;
			children = (
				2AC2AFB722AAE45A00DB09B2 /* CardService.swift */,
			);
			name = Services;
			sourceTree = "<group>";
		};
		2AC2AFB322AAA34000DB09B2 /* Controllers */ = {
			isa = PBXGroup;
			children = (
				2A923CD422AA8E46004F37D2 /* CardCollectionViewController.swift */,
			);
			name = Controllers;
			sourceTree = "<group>";
		};
		2AC2AFB422AAA35100DB09B2 /* Views */ = {
			isa = PBXGroup;
			children = (
				2A923CDB22AA8E47004F37D2 /* LaunchScreen.storyboard */,
				2A923CD622AA8E46004F37D2 /* CardCollection.storyboard */,
			);
			name = Views;
			sourceTree = "<group>";
		};
		2AC2AFB522AAA37300DB09B2 /* Supporting Files */ = {
			isa = PBXGroup;
			children = (
				2A923CD922AA8E47004F37D2 /* Assets.xcassets */,
				2A923CDE22AA8E47004F37D2 /* Info.plist */,
			);
			name = "Supporting Files";
			sourceTree = "<group>";
		};
		2AC2AFB622AAA38E00DB09B2 /* Models */ = {
			isa = PBXGroup;
			children = (
				2AD3C57D22AAED4F00611CD5 /* Card.swift */,
			);
			name = Models;
			sourceTree = "<group>";
		};
		2AD3C57F22AB11A900611CD5 /* ViewModels */ = {
			isa = PBXGroup;
			children = (
				2AD3C58022AB11D100611CD5 /* CardCollectionViewModel.swift */,
			);
			name = ViewModels;
			sourceTree = "<group>";
		};
		2AD3C58222AB14E900611CD5 /* Extensions */ = {
			isa = PBXGroup;
			children = (
				2AD3C58322AB14FA00611CD5 /* UIAlertController.swift */,
			);
			name = Extensions;
			sourceTree = "<group>";
		};
		9ACC01DDAA403EE97CE13C0A /* Pods */ = {
			isa = PBXGroup;
			children = (
				99232FF031ED81B6BFE3949E /* Pods-Innventory.debug.xcconfig */,
				DB83F735110FD011E476814A /* Pods-Innventory.release.xcconfig */,
				C1B7C46F36239A9D0BDAD125 /* Pods-InnventoryTests.debug.xcconfig */,
				9DEBBBF7791B5A801F89ED71 /* Pods-InnventoryTests.release.xcconfig */,
			);
			path = Pods;
			sourceTree = "<group>";
		};
		A5DD84AE5D5D43338BCC27B0 /* Frameworks */ = {
			isa = PBXGroup;
			children = (
				5B62D3CB6D56BB5F45FA885A /* Pods_Innventory.framework */,
				6C63880883CB74A2935B5D40 /* Pods_InnventoryTests.framework */,
			);
			name = Frameworks;
			sourceTree = "<group>";
		};
/* End PBXGroup section */

/* Begin PBXNativeTarget section */
		2A923CCE22AA8E46004F37D2 /* Innventory */ = {
			isa = PBXNativeTarget;
			buildConfigurationList = 2A923CEC22AA8E47004F37D2 /* Build configuration list for PBXNativeTarget "Innventory" */;
			buildPhases = (
				0A4E5B68843B9939AE10D4BC /* [CP] Check Pods Manifest.lock */,
				2A923CCB22AA8E46004F37D2 /* Sources */,
				2A923CCC22AA8E46004F37D2 /* Frameworks */,
				2A923CCD22AA8E46004F37D2 /* Resources */,
				3A92D045EB1F5A8B534D5F10 /* [CP] Embed Pods Frameworks */,
			);
			buildRules = (
			);
			dependencies = (
			);
			name = Innventory;
			productName = Innventory;
			productReference = 2A923CCF22AA8E46004F37D2 /* Innventory.app */;
			productType = "com.apple.product-type.application";
		};
		2A923CE222AA8E47004F37D2 /* InnventoryTests */ = {
			isa = PBXNativeTarget;
			buildConfigurationList = 2A923CEF22AA8E47004F37D2 /* Build configuration list for PBXNativeTarget "InnventoryTests" */;
			buildPhases = (
				DE707FAA2CF620DB83EC1E07 /* [CP] Check Pods Manifest.lock */,
				2A923CDF22AA8E47004F37D2 /* Sources */,
				2A923CE022AA8E47004F37D2 /* Frameworks */,
				2A923CE122AA8E47004F37D2 /* Resources */,
			);
			buildRules = (
			);
			dependencies = (
				2A923CE522AA8E47004F37D2 /* PBXTargetDependency */,
			);
			name = InnventoryTests;
			productName = InnventoryTests;
			productReference = 2A923CE322AA8E47004F37D2 /* InnventoryTests.xctest */;
			productType = "com.apple.product-type.bundle.unit-test";
		};
/* End PBXNativeTarget section */

/* Begin PBXProject section */
		2A923CC722AA8E46004F37D2 /* Project object */ = {
			isa = PBXProject;
			attributes = {
				LastSwiftUpdateCheck = 1020;
				LastUpgradeCheck = 1020;
				ORGANIZATIONNAME = XJCHONG;
				TargetAttributes = {
					2A923CCE22AA8E46004F37D2 = {
						CreatedOnToolsVersion = 10.2.1;
					};
					2A923CE222AA8E47004F37D2 = {
						CreatedOnToolsVersion = 10.2.1;
						TestTargetID = 2A923CCE22AA8E46004F37D2;
					};
				};
			};
			buildConfigurationList = 2A923CCA22AA8E46004F37D2 /* Build configuration list for PBXProject "Innventory" */;
			compatibilityVersion = "Xcode 9.3";
			developmentRegion = en;
			hasScannedForEncodings = 0;
			knownRegions = (
				en,
				Base,
			);
			mainGroup = 2A923CC622AA8E46004F37D2;
			productRefGroup = 2A923CD022AA8E46004F37D2 /* Products */;
			projectDirPath = "";
			projectRoot = "";
			targets = (
				2A923CCE22AA8E46004F37D2 /* Innventory */,
				2A923CE222AA8E47004F37D2 /* InnventoryTests */,
			);
		};
/* End PBXProject section */

/* Begin PBXResourcesBuildPhase section */
		2A923CCD22AA8E46004F37D2 /* Resources */ = {
			isa = PBXResourcesBuildPhase;
			buildActionMask = 2147483647;
			files = (
				2A923CDD22AA8E47004F37D2 /* LaunchScreen.storyboard in Resources */,
				2A923CDA22AA8E47004F37D2 /* Assets.xcassets in Resources */,
				2A923CD822AA8E46004F37D2 /* CardCollection.storyboard in Resources */,
			);
			runOnlyForDeploymentPostprocessing = 0;
		};
		2A923CE122AA8E47004F37D2 /* Resources */ = {
			isa = PBXResourcesBuildPhase;
			buildActionMask = 2147483647;
			files = (
			);
			runOnlyForDeploymentPostprocessing = 0;
		};
/* End PBXResourcesBuildPhase section */

/* Begin PBXShellScriptBuildPhase section */
		0A4E5B68843B9939AE10D4BC /* [CP] Check Pods Manifest.lock */ = {
			isa = PBXShellScriptBuildPhase;
			buildActionMask = 2147483647;
			files = (
			);
			inputFileListPaths = (
			);
			inputPaths = (
				"${PODS_PODFILE_DIR_PATH}/Podfile.lock",
				"${PODS_ROOT}/Manifest.lock",
			);
			name = "[CP] Check Pods Manifest.lock";
			outputFileListPaths = (
			);
			outputPaths = (
				"$(DERIVED_FILE_DIR)/Pods-Innventory-checkManifestLockResult.txt",
			);
			runOnlyForDeploymentPostprocessing = 0;
			shellPath = /bin/sh;
			shellScript = "diff \"${PODS_PODFILE_DIR_PATH}/Podfile.lock\" \"${PODS_ROOT}/Manifest.lock\" > /dev/null\nif [ $? != 0 ] ; then\n    # print error to STDERR\n    echo \"error: The sandbox is not in sync with the Podfile.lock. Run 'pod install' or update your CocoaPods installation.\" >&2\n    exit 1\nfi\n# This output is used by Xcode 'outputs' to avoid re-running this script phase.\necho \"SUCCESS\" > \"${SCRIPT_OUTPUT_FILE_0}\"\n";
			showEnvVarsInLog = 0;
		};
		3A92D045EB1F5A8B534D5F10 /* [CP] Embed Pods Frameworks */ = {
			isa = PBXShellScriptBuildPhase;
			buildActionMask = 2147483647;
			files = (
			);
			inputFileListPaths = (
				"${PODS_ROOT}/Target Support Files/Pods-Innventory/Pods-Innventory-frameworks-${CONFIGURATION}-input-files.xcfilelist",
			);
			name = "[CP] Embed Pods Frameworks";
			outputFileListPaths = (
				"${PODS_ROOT}/Target Support Files/Pods-Innventory/Pods-Innventory-frameworks-${CONFIGURATION}-output-files.xcfilelist",
			);
			runOnlyForDeploymentPostprocessing = 0;
			shellPath = /bin/sh;
			shellScript = "\"${PODS_ROOT}/Target Support Files/Pods-Innventory/Pods-Innventory-frameworks.sh\"\n";
			showEnvVarsInLog = 0;
		};
		DE707FAA2CF620DB83EC1E07 /* [CP] Check Pods Manifest.lock */ = {
			isa = PBXShellScriptBuildPhase;
			buildActionMask = 2147483647;
			files = (
			);
			inputFileListPaths = (
			);
			inputPaths = (
				"${PODS_PODFILE_DIR_PATH}/Podfile.lock",
				"${PODS_ROOT}/Manifest.lock",
			);
			name = "[CP] Check Pods Manifest.lock";
			outputFileListPaths = (
			);
			outputPaths = (
				"$(DERIVED_FILE_DIR)/Pods-InnventoryTests-checkManifestLockResult.txt",
			);
			runOnlyForDeploymentPostprocessing = 0;
			shellPath = /bin/sh;
			shellScript = "diff \"${PODS_PODFILE_DIR_PATH}/Podfile.lock\" \"${PODS_ROOT}/Manifest.lock\" > /dev/null\nif [ $? != 0 ] ; then\n    # print error to STDERR\n    echo \"error: The sandbox is not in sync with the Podfile.lock. Run 'pod install' or update your CocoaPods installation.\" >&2\n    exit 1\nfi\n# This output is used by Xcode 'outputs' to avoid re-running this script phase.\necho \"SUCCESS\" > \"${SCRIPT_OUTPUT_FILE_0}\"\n";
			showEnvVarsInLog = 0;
		};
/* End PBXShellScriptBuildPhase section */

/* Begin PBXSourcesBuildPhase section */
		2A923CCB22AA8E46004F37D2 /* Sources */ = {
			isa = PBXSourcesBuildPhase;
			buildActionMask = 2147483647;
			files = (
				2A923CD522AA8E46004F37D2 /* CardCollectionViewController.swift in Sources */,
				2AC2AFB822AAE45A00DB09B2 /* CardService.swift in Sources */,
				2A923CD322AA8E46004F37D2 /* AppDelegate.swift in Sources */,
				2AD3C58122AB11D100611CD5 /* CardCollectionViewModel.swift in Sources */,
				2AD3C58422AB14FA00611CD5 /* UIAlertController.swift in Sources */,
				2AD3C57E22AAED4F00611CD5 /* Card.swift in Sources */,
			);
			runOnlyForDeploymentPostprocessing = 0;
		};
		2A923CDF22AA8E47004F37D2 /* Sources */ = {
			isa = PBXSourcesBuildPhase;
			buildActionMask = 2147483647;
			files = (
				2A923CE822AA8E47004F37D2 /* InnventoryTests.swift in Sources */,
			);
			runOnlyForDeploymentPostprocessing = 0;
		};
/* End PBXSourcesBuildPhase section */

/* Begin PBXTargetDependency section */
		2A923CE522AA8E47004F37D2 /* PBXTargetDependency */ = {
			isa = PBXTargetDependency;
			target = 2A923CCE22AA8E46004F37D2 /* Innventory */;
			targetProxy = 2A923CE422AA8E47004F37D2 /* PBXContainerItemProxy */;
		};
/* End PBXTargetDependency section */

/* Begin PBXVariantGroup section */
		2A923CD622AA8E46004F37D2 /* CardCollection.storyboard */ = {
			isa = PBXVariantGroup;
			children = (
				2A923CD722AA8E46004F37D2 /* Base */,
			);
			name = CardCollection.storyboard;
			sourceTree = "<group>";
		};
		2A923CDB22AA8E47004F37D2 /* LaunchScreen.storyboard */ = {
			isa = PBXVariantGroup;
			children = (
				2A923CDC22AA8E47004F37D2 /* Base */,
			);
			name = LaunchScreen.storyboard;
			sourceTree = "<group>";
		};
/* End PBXVariantGroup section */

/* Begin XCBuildConfiguration section */
		2A923CEA22AA8E47004F37D2 /* Debug */ = {
			isa = XCBuildConfiguration;
			buildSettings = {
				ALWAYS_SEARCH_USER_PATHS = NO;
				CLANG_ANALYZER_NONNULL = YES;
				CLANG_ANALYZER_NUMBER_OBJECT_CONVERSION = YES_AGGRESSIVE;
				CLANG_CXX_LANGUAGE_STANDARD = "gnu++14";
				CLANG_CXX_LIBRARY = "libc++";
				CLANG_ENABLE_MODULES = YES;
				CLANG_ENABLE_OBJC_ARC = YES;
				CLANG_ENABLE_OBJC_WEAK = YES;
				CLANG_WARN_BLOCK_CAPTURE_AUTORELEASING = YES;
				CLANG_WARN_BOOL_CONVERSION = YES;
				CLANG_WARN_COMMA = YES;
				CLANG_WARN_CONSTANT_CONVERSION = YES;
				CLANG_WARN_DEPRECATED_OBJC_IMPLEMENTATIONS = YES;
				CLANG_WARN_DIRECT_OBJC_ISA_USAGE = YES_ERROR;
				CLANG_WARN_DOCUMENTATION_COMMENTS = YES;
				CLANG_WARN_EMPTY_BODY = YES;
				CLANG_WARN_ENUM_CONVERSION = YES;
				CLANG_WARN_INFINITE_RECURSION = YES;
				CLANG_WARN_INT_CONVERSION = YES;
				CLANG_WARN_NON_LITERAL_NULL_CONVERSION = YES;
				CLANG_WARN_OBJC_IMPLICIT_RETAIN_SELF = YES;
				CLANG_WARN_OBJC_LITERAL_CONVERSION = YES;
				CLANG_WARN_OBJC_ROOT_CLASS = YES_ERROR;
				CLANG_WARN_RANGE_LOOP_ANALYSIS = YES;
				CLANG_WARN_STRICT_PROTOTYPES = YES;
				CLANG_WARN_SUSPICIOUS_MOVE = YES;
				CLANG_WARN_UNGUARDED_AVAILABILITY = YES_AGGRESSIVE;
				CLANG_WARN_UNREACHABLE_CODE = YES;
				CLANG_WARN__DUPLICATE_METHOD_MATCH = YES;
				CODE_SIGN_IDENTITY = "iPhone Developer";
				COPY_PHASE_STRIP = NO;
				DEBUG_INFORMATION_FORMAT = dwarf;
				ENABLE_STRICT_OBJC_MSGSEND = YES;
				ENABLE_TESTABILITY = YES;
				GCC_C_LANGUAGE_STANDARD = gnu11;
				GCC_DYNAMIC_NO_PIC = NO;
				GCC_NO_COMMON_BLOCKS = YES;
				GCC_OPTIMIZATION_LEVEL = 0;
				GCC_PREPROCESSOR_DEFINITIONS = (
					"DEBUG=1",
					"$(inherited)",
				);
				GCC_WARN_64_TO_32_BIT_CONVERSION = YES;
				GCC_WARN_ABOUT_RETURN_TYPE = YES_ERROR;
				GCC_WARN_UNDECLARED_SELECTOR = YES;
				GCC_WARN_UNINITIALIZED_AUTOS = YES_AGGRESSIVE;
				GCC_WARN_UNUSED_FUNCTION = YES;
				GCC_WARN_UNUSED_VARIABLE = YES;
				IPHONEOS_DEPLOYMENT_TARGET = 12.2;
				MTL_ENABLE_DEBUG_INFO = INCLUDE_SOURCE;
				MTL_FAST_MATH = YES;
				ONLY_ACTIVE_ARCH = YES;
				SDKROOT = iphoneos;
				SWIFT_ACTIVE_COMPILATION_CONDITIONS = DEBUG;
				SWIFT_OPTIMIZATION_LEVEL = "-Onone";
			};
			name = Debug;
		};
		2A923CEB22AA8E47004F37D2 /* Release */ = {
			isa = XCBuildConfiguration;
			buildSettings = {
				ALWAYS_SEARCH_USER_PATHS = NO;
				CLANG_ANALYZER_NONNULL = YES;
				CLANG_ANALYZER_NUMBER_OBJECT_CONVERSION = YES_AGGRESSIVE;
				CLANG_CXX_LANGUAGE_STANDARD = "gnu++14";
				CLANG_CXX_LIBRARY = "libc++";
				CLANG_ENABLE_MODULES = YES;
				CLANG_ENABLE_OBJC_ARC = YES;
				CLANG_ENABLE_OBJC_WEAK = YES;
				CLANG_WARN_BLOCK_CAPTURE_AUTORELEASING = YES;
				CLANG_WARN_BOOL_CONVERSION = YES;
				CLANG_WARN_COMMA = YES;
				CLANG_WARN_CONSTANT_CONVERSION = YES;
				CLANG_WARN_DEPRECATED_OBJC_IMPLEMENTATIONS = YES;
				CLANG_WARN_DIRECT_OBJC_ISA_USAGE = YES_ERROR;
				CLANG_WARN_DOCUMENTATION_COMMENTS = YES;
				CLANG_WARN_EMPTY_BODY = YES;
				CLANG_WARN_ENUM_CONVERSION = YES;
				CLANG_WARN_INFINITE_RECURSION = YES;
				CLANG_WARN_INT_CONVERSION = YES;
				CLANG_WARN_NON_LITERAL_NULL_CONVERSION = YES;
				CLANG_WARN_OBJC_IMPLICIT_RETAIN_SELF = YES;
				CLANG_WARN_OBJC_LITERAL_CONVERSION = YES;
				CLANG_WARN_OBJC_ROOT_CLASS = YES_ERROR;
				CLANG_WARN_RANGE_LOOP_ANALYSIS = YES;
				CLANG_WARN_STRICT_PROTOTYPES = YES;
				CLANG_WARN_SUSPICIOUS_MOVE = YES;
				CLANG_WARN_UNGUARDED_AVAILABILITY = YES_AGGRESSIVE;
				CLANG_WARN_UNREACHABLE_CODE = YES;
				CLANG_WARN__DUPLICATE_METHOD_MATCH = YES;
				CODE_SIGN_IDENTITY = "iPhone Developer";
				COPY_PHASE_STRIP = NO;
				DEBUG_INFORMATION_FORMAT = "dwarf-with-dsym";
				ENABLE_NS_ASSERTIONS = NO;
				ENABLE_STRICT_OBJC_MSGSEND = YES;
				GCC_C_LANGUAGE_STANDARD = gnu11;
				GCC_NO_COMMON_BLOCKS = YES;
				GCC_WARN_64_TO_32_BIT_CONVERSION = YES;
				GCC_WARN_ABOUT_RETURN_TYPE = YES_ERROR;
				GCC_WARN_UNDECLARED_SELECTOR = YES;
				GCC_WARN_UNINITIALIZED_AUTOS = YES_AGGRESSIVE;
				GCC_WARN_UNUSED_FUNCTION = YES;
				GCC_WARN_UNUSED_VARIABLE = YES;
				IPHONEOS_DEPLOYMENT_TARGET = 12.2;
				MTL_ENABLE_DEBUG_INFO = NO;
				MTL_FAST_MATH = YES;
				SDKROOT = iphoneos;
				SWIFT_COMPILATION_MODE = wholemodule;
				SWIFT_OPTIMIZATION_LEVEL = "-O";
				VALIDATE_PRODUCT = YES;
			};
			name = Release;
		};
		2A923CED22AA8E47004F37D2 /* Debug */ = {
			isa = XCBuildConfiguration;
			baseConfigurationReference = 99232FF031ED81B6BFE3949E /* Pods-Innventory.debug.xcconfig */;
			buildSettings = {
				ASSETCATALOG_COMPILER_APPICON_NAME = AppIcon;
				CODE_SIGN_STYLE = Automatic;
				DEVELOPMENT_TEAM = 68A86N9VQK;
				INFOPLIST_FILE = Innventory/Info.plist;
				LD_RUNPATH_SEARCH_PATHS = (
					"$(inherited)",
					"@executable_path/Frameworks",
				);
				PRODUCT_BUNDLE_IDENTIFIER = com.xjchong.Innventory;
				PRODUCT_NAME = "$(TARGET_NAME)";
				SWIFT_VERSION = 5.0;
				TARGETED_DEVICE_FAMILY = "1,2";
			};
			name = Debug;
		};
		2A923CEE22AA8E47004F37D2 /* Release */ = {
			isa = XCBuildConfiguration;
			baseConfigurationReference = DB83F735110FD011E476814A /* Pods-Innventory.release.xcconfig */;
			buildSettings = {
				ASSETCATALOG_COMPILER_APPICON_NAME = AppIcon;
				CODE_SIGN_STYLE = Automatic;
				DEVELOPMENT_TEAM = 68A86N9VQK;
				INFOPLIST_FILE = Innventory/Info.plist;
				LD_RUNPATH_SEARCH_PATHS = (
					"$(inherited)",
					"@executable_path/Frameworks",
				);
				PRODUCT_BUNDLE_IDENTIFIER = com.xjchong.Innventory;
				PRODUCT_NAME = "$(TARGET_NAME)";
				SWIFT_VERSION = 5.0;
				TARGETED_DEVICE_FAMILY = "1,2";
			};
			name = Release;
		};
		2A923CF022AA8E47004F37D2 /* Debug */ = {
			isa = XCBuildConfiguration;
			baseConfigurationReference = C1B7C46F36239A9D0BDAD125 /* Pods-InnventoryTests.debug.xcconfig */;
			buildSettings = {
				ALWAYS_EMBED_SWIFT_STANDARD_LIBRARIES = YES;
				BUNDLE_LOADER = "$(TEST_HOST)";
				CODE_SIGN_STYLE = Automatic;
				INFOPLIST_FILE = InnventoryTests/Info.plist;
				LD_RUNPATH_SEARCH_PATHS = (
					"$(inherited)",
					"@executable_path/Frameworks",
					"@loader_path/Frameworks",
				);
				PRODUCT_BUNDLE_IDENTIFIER = com.xjchong.InnventoryTests;
				PRODUCT_NAME = "$(TARGET_NAME)";
				SWIFT_VERSION = 5.0;
				TARGETED_DEVICE_FAMILY = "1,2";
				TEST_HOST = "$(BUILT_PRODUCTS_DIR)/Innventory.app/Innventory";
			};
			name = Debug;
		};
		2A923CF122AA8E47004F37D2 /* Release */ = {
			isa = XCBuildConfiguration;
			baseConfigurationReference = 9DEBBBF7791B5A801F89ED71 /* Pods-InnventoryTests.release.xcconfig */;
			buildSettings = {
				ALWAYS_EMBED_SWIFT_STANDARD_LIBRARIES = YES;
				BUNDLE_LOADER = "$(TEST_HOST)";
				CODE_SIGN_STYLE = Automatic;
				INFOPLIST_FILE = InnventoryTests/Info.plist;
				LD_RUNPATH_SEARCH_PATHS = (
					"$(inherited)",
					"@executable_path/Frameworks",
					"@loader_path/Frameworks",
				);
				PRODUCT_BUNDLE_IDENTIFIER = com.xjchong.InnventoryTests;
				PRODUCT_NAME = "$(TARGET_NAME)";
				SWIFT_VERSION = 5.0;
				TARGETED_DEVICE_FAMILY = "1,2";
				TEST_HOST = "$(BUILT_PRODUCTS_DIR)/Innventory.app/Innventory";
			};
			name = Release;
		};
/* End XCBuildConfiguration section */

/* Begin XCConfigurationList section */
		2A923CCA22AA8E46004F37D2 /* Build configuration list for PBXProject "Innventory" */ = {
			isa = XCConfigurationList;
			buildConfigurations = (
				2A923CEA22AA8E47004F37D2 /* Debug */,
				2A923CEB22AA8E47004F37D2 /* Release */,
			);
			defaultConfigurationIsVisible = 0;
			defaultConfigurationName = Release;
		};
		2A923CEC22AA8E47004F37D2 /* Build configuration list for PBXNativeTarget "Innventory" */ = {
			isa = XCConfigurationList;
			buildConfigurations = (
				2A923CED22AA8E47004F37D2 /* Debug */,
				2A923CEE22AA8E47004F37D2 /* Release */,
			);
			defaultConfigurationIsVisible = 0;
			defaultConfigurationName = Release;
		};
		2A923CEF22AA8E47004F37D2 /* Build configuration list for PBXNativeTarget "InnventoryTests" */ = {
			isa = XCConfigurationList;
			buildConfigurations = (
				2A923CF022AA8E47004F37D2 /* Debug */,
				2A923CF122AA8E47004F37D2 /* Release */,
			);
			defaultConfigurationIsVisible = 0;
			defaultConfigurationName = Release;
		};
/* End XCConfigurationList section */
	};
	rootObject = 2A923CC722AA8E46004F37D2 /* Project object */;
}
